
Microsoft Visual Studio Solution File, Format Version 12.00
# Visual Studio Version 17
VisualStudioVersion = 17.11.35312.102
MinimumVisualStudioVersion = 10.0.40219.1
Project("{FAE04EC0-301F-11D3-BF4B-00C04F79EFBC}") = "WFA24100902", "WFA24100902.csproj", "{EC4898BA-5764-4CA5-B8D1-5934892C23D2}"
EndProject
Global
	GlobalSection(SolutionConfigurationPlatforms) = preSolution
		Debug|Any CPU = Debug|Any CPU
		Release|Any CPU = Release|Any CPU
	EndGlobalSection
	GlobalSection(ProjectConfigurationPlatforms) = postSolution
		{EC4898BA-5764-4CA5-B8D1-5934892C23D2}.Debug|Any CPU.ActiveCfg = Debug|Any CPU
		{EC4898BA-5764-4CA5-B8D1-5934892C23D2}.Debug|Any CPU.Build.0 = Debug|Any CPU
		{EC4898BA-5764-4CA5-B8D1-5934892C23D2}.Release|Any CPU.ActiveCfg = Release|Any CPU
		{EC4898BA-5764-4CA5-B8D1-5934892C23D2}.Release|Any CPU.Build.0 = Release|Any CPU
	EndGlobalSection
	GlobalSection(SolutionProperties) = preSolution
		HideSolutionNode = FALSE
	EndGlobalSection
	GlobalSection(ExtensibilityGlobals) = postSolution
		SolutionGuid = {4AE05BF4-D2D4-48E3-A971-E0EFD562CD70}
	EndGlobalSection
EndGlobal
